
Microsoft Visual Studio Solution File, Format Version 12.00
# Visual Studio Version 16
VisualStudioVersion = 16.0.30503.244
MinimumVisualStudioVersion = 10.0.40219.1
Project("{9A19103F-16F7-4668-BE54-9A1E7A4F7556}") = "Edument.TreeCore", "TreeCore\Edument.TreeCore.csproj", "{DA36A947-5E4F-43F2-97A5-8D96A7E1A6BF}"
EndProject
Project("{9A19103F-16F7-4668-BE54-9A1E7A4F7556}") = "Edument.FileTree.Core", "Edument.FileTree.Core\Edument.FileTree.Core.csproj", "{41142039-4B51-4C2D-ABE9-29E4B3723235}"
EndProject
Project("{9A19103F-16F7-4668-BE54-9A1E7A4F7556}") = "FileTree.Testing", "FileTree.Testing\FileTree.Testing.csproj", "{FD819AA5-2898-46A5-A195-96FAB69BFE95}"
EndProject
Project("{9A19103F-16F7-4668-BE54-9A1E7A4F7556}") = "Edument.FileTree.UI.Desktop", "Edument.FileTree.UI.Desktop\Edument.FileTree.UI.Desktop.csproj", "{A408CD5F-6034-4278-8512-DCDFAE511BA2}"
EndProject
Global
	GlobalSection(SolutionConfigurationPlatforms) = preSolution
		Debug|Any CPU = Debug|Any CPU
		Release|Any CPU = Release|Any CPU
	EndGlobalSection
	GlobalSection(ProjectConfigurationPlatforms) = postSolution
		{DA36A947-5E4F-43F2-97A5-8D96A7E1A6BF}.Debug|Any CPU.ActiveCfg = Debug|Any CPU
		{DA36A947-5E4F-43F2-97A5-8D96A7E1A6BF}.Debug|Any CPU.Build.0 = Debug|Any CPU
		{DA36A947-5E4F-43F2-97A5-8D96A7E1A6BF}.Release|Any CPU.ActiveCfg = Release|Any CPU
		{DA36A947-5E4F-43F2-97A5-8D96A7E1A6BF}.Release|Any CPU.Build.0 = Release|Any CPU
		{41142039-4B51-4C2D-ABE9-29E4B3723235}.Debug|Any CPU.ActiveCfg = Debug|Any CPU
		{41142039-4B51-4C2D-ABE9-29E4B3723235}.Debug|Any CPU.Build.0 = Debug|Any CPU
		{41142039-4B51-4C2D-ABE9-29E4B3723235}.Release|Any CPU.ActiveCfg = Release|Any CPU
		{41142039-4B51-4C2D-ABE9-29E4B3723235}.Release|Any CPU.Build.0 = Release|Any CPU
		{FD819AA5-2898-46A5-A195-96FAB69BFE95}.Debug|Any CPU.ActiveCfg = Debug|Any CPU
		{FD819AA5-2898-46A5-A195-96FAB69BFE95}.Debug|Any CPU.Build.0 = Debug|Any CPU
		{FD819AA5-2898-46A5-A195-96FAB69BFE95}.Release|Any CPU.ActiveCfg = Release|Any CPU
		{FD819AA5-2898-46A5-A195-96FAB69BFE95}.Release|Any CPU.Build.0 = Release|Any CPU
		{A408CD5F-6034-4278-8512-DCDFAE511BA2}.Debug|Any CPU.ActiveCfg = Debug|Any CPU
		{A408CD5F-6034-4278-8512-DCDFAE511BA2}.Debug|Any CPU.Build.0 = Debug|Any CPU
		{A408CD5F-6034-4278-8512-DCDFAE511BA2}.Release|Any CPU.ActiveCfg = Release|Any CPU
		{A408CD5F-6034-4278-8512-DCDFAE511BA2}.Release|Any CPU.Build.0 = Release|Any CPU
	EndGlobalSection
	GlobalSection(SolutionProperties) = preSolution
		HideSolutionNode = FALSE
	EndGlobalSection
	GlobalSection(ExtensibilityGlobals) = postSolution
		SolutionGuid = {D3273351-3355-4353-B51D-520449FA7DF2}
	EndGlobalSection
EndGlobal
