
Microsoft Visual Studio Solution File, Format Version 12.00
# Visual Studio Version 16
VisualStudioVersion = 16.0.30503.244
MinimumVisualStudioVersion = 10.0.40219.1
Project("{FAE04EC0-301F-11D3-BF4B-00C04F79EFBC}") = "TreeCore", "TreeCore\TreeCore.csproj", "{DA36A947-5E4F-43F2-97A5-8D96A7E1A6BF}"
EndProject
Project("{FAE04EC0-301F-11D3-BF4B-00C04F79EFBC}") = "Edument.FileTree.Core", "Edument.FileTree.Core\Edument.FileTree.Core.csproj", "{41142039-4B51-4C2D-ABE9-29E4B3723235}"
EndProject
Project("{FAE04EC0-301F-11D3-BF4B-00C04F79EFBC}") = "FileTree.Testing", "FileTree.Testing\FileTree.Testing.csproj", "{FD819AA5-2898-46A5-A195-96FAB69BFE95}"
EndProject
Global
	GlobalSection(SolutionConfigurationPlatforms) = preSolution
		Debug|Any CPU = Debug|Any CPU
		Release|Any CPU = Release|Any CPU
	EndGlobalSection
	GlobalSection(ProjectConfigurationPlatforms) = postSolution
		{DA36A947-5E4F-43F2-97A5-8D96A7E1A6BF}.Debug|Any CPU.ActiveCfg = Debug|Any CPU
		{DA36A947-5E4F-43F2-97A5-8D96A7E1A6BF}.Debug|Any CPU.Build.0 = Debug|Any CPU
		{DA36A947-5E4F-43F2-97A5-8D96A7E1A6BF}.Release|Any CPU.ActiveCfg = Release|Any CPU
		{DA36A947-5E4F-43F2-97A5-8D96A7E1A6BF}.Release|Any CPU.Build.0 = Release|Any CPU
		{41142039-4B51-4C2D-ABE9-29E4B3723235}.Debug|Any CPU.ActiveCfg = Debug|Any CPU
		{41142039-4B51-4C2D-ABE9-29E4B3723235}.Debug|Any CPU.Build.0 = Debug|Any CPU
		{41142039-4B51-4C2D-ABE9-29E4B3723235}.Release|Any CPU.ActiveCfg = Release|Any CPU
		{41142039-4B51-4C2D-ABE9-29E4B3723235}.Release|Any CPU.Build.0 = Release|Any CPU
		{FD819AA5-2898-46A5-A195-96FAB69BFE95}.Debug|Any CPU.ActiveCfg = Debug|Any CPU
		{FD819AA5-2898-46A5-A195-96FAB69BFE95}.Debug|Any CPU.Build.0 = Debug|Any CPU
		{FD819AA5-2898-46A5-A195-96FAB69BFE95}.Release|Any CPU.ActiveCfg = Release|Any CPU
		{FD819AA5-2898-46A5-A195-96FAB69BFE95}.Release|Any CPU.Build.0 = Release|Any CPU
	EndGlobalSection
	GlobalSection(SolutionProperties) = preSolution
		HideSolutionNode = FALSE
	EndGlobalSection
	GlobalSection(ExtensibilityGlobals) = postSolution
		SolutionGuid = {D3273351-3355-4353-B51D-520449FA7DF2}
	EndGlobalSection
EndGlobal
